
Microsoft Visual Studio Solution File, Format Version 12.00
# Visual Studio Version 16
VisualStudioVersion = 16.0.32126.315
MinimumVisualStudioVersion = 10.0.40219.1
Project("{FAE04EC0-301F-11D3-BF4B-00C04F79EFBC}") = "WebAppasia", "WebAppasia.csproj", "{61833ECC-48A6-463B-A25A-3242B696A39F}"
EndProject
Global
	GlobalSection(SolutionConfigurationPlatforms) = preSolution
		Debug|Any CPU = Debug|Any CPU
		Release|Any CPU = Release|Any CPU
	EndGlobalSection
	GlobalSection(ProjectConfigurationPlatforms) = postSolution
		{61833ECC-48A6-463B-A25A-3242B696A39F}.Debug|Any CPU.ActiveCfg = Debug|Any CPU
		{61833ECC-48A6-463B-A25A-3242B696A39F}.Debug|Any CPU.Build.0 = Debug|Any CPU
		{61833ECC-48A6-463B-A25A-3242B696A39F}.Release|Any CPU.ActiveCfg = Release|Any CPU
		{61833ECC-48A6-463B-A25A-3242B696A39F}.Release|Any CPU.Build.0 = Release|Any CPU
	EndGlobalSection
	GlobalSection(SolutionProperties) = preSolution
		HideSolutionNode = FALSE
	EndGlobalSection
	GlobalSection(ExtensibilityGlobals) = postSolution
		SolutionGuid = {A238FCE3-69B6-46CC-BD46-78B4DACE34A9}
	EndGlobalSection
EndGlobal
